<?xml version="1.0" encoding="utf-8"?>
<Project ToolsVersion="4.0" xmlns="http://schemas.microsoft.com/developer/msbuild/2003">
  <ItemGroup>
    <Filter Include="Source Files">
      <UniqueIdentifier>{4FC737F1-C7A5-4376-A066-2A32D752A2FF}</UniqueIdentifier>
      <Extensions>cpp;c;cc;cxx;def;odl;idl;hpj;bat;asm;asmx</Extensions>
    </Filter>
    <Filter Include="Header Files">
      <UniqueIdentifier>{93995380-89BD-4b04-88EB-625FBE52EBFB}</UniqueIdentifier>
      <Extensions>h;hh;hpp;hxx;hm;inl;inc;xsd</Extensions>
    </Filter>
    <Filter Include="Resource Files">
      <UniqueIdentifier>{67DA6AB6-F800-4c08-8B7A-83BB121AAD01}</UniqueIdentifier>
      <Extensions>rc;ico;cur;bmp;dlg;rc2;rct;bin;rgs;gif;jpg;jpeg;jpe;resx;tiff;tif;png;wav;mfcribbon-ms</Extensions>
    </Filter>
  </ItemGroup>
  <ItemGroup>
    <ClCompile Include="Main.cpp">
      <Filter>Source Files</Filter>
    </ClCompile>
    <ClCompile Include="Whip.cpp">
      <Filter>Source Files</Filter>
    </ClCompile>
    <ClCompile Include="World.cpp">
      <Filter>Source Files</Filter>
    </ClCompile>
    <ClCompile Include="engine\Sprite.cpp">
      <Filter>Source Files</Filter>
    </ClCompile>
    <ClCompile Include="engine\sound\dsutil.cpp">
      <Filter>Source Files</Filter>
    </ClCompile>
    <ClCompile Include="engine\sound\dxutil.cpp">
      <Filter>Source Files</Filter>
    </ClCompile>
    <ClCompile Include="abstract\Enemy.cpp">
      <Filter>Source Files</Filter>
    </ClCompile>
    <ClCompile Include="abstract\GameObject.cpp">
      <Filter>Source Files</Filter>
    </ClCompile>
    <ClCompile Include="enemies\BlueBat.cpp">
      <Filter>Source Files</Filter>
    </ClCompile>
    <ClCompile Include="enemies\Fish.cpp">
      <Filter>Source Files</Filter>
    </ClCompile>
    <ClCompile Include="enemies\Ghoul.cpp">
      <Filter>Source Files</Filter>
    </ClCompile>
    <ClCompile Include="enemies\Panther.cpp">
      <Filter>Source Files</Filter>
    </ClCompile>
    <ClCompile Include="enemies\RedBat.cpp">
      <Filter>Source Files</Filter>
    </ClCompile>
    <ClCompile Include="engine\Game.cpp">
      <Filter>Source Files</Filter>
    </ClCompile>
    <ClCompile Include="engine\MainGame.cpp">
      <Filter>Source Files</Filter>
    </ClCompile>
    <ClCompile Include="abstract\Player.cpp">
      <Filter>Source Files</Filter>
    </ClCompile>
    <ClCompile Include="abstract\Ground.cpp">
      <Filter>Source Files</Filter>
    </ClCompile>
    <ClCompile Include="abstract\Misc.cpp">
      <Filter>Source Files</Filter>
    </ClCompile>
    <ClCompile Include="abstract\Projectile.cpp">
      <Filter>Source Files</Filter>
    </ClCompile>
    <ClCompile Include="abstract\Zone.cpp">
      <Filter>Source Files</Filter>
    </ClCompile>
    <ClCompile Include="zone\GateWay.cpp">
      <Filter>Source Files</Filter>
    </ClCompile>
    <ClCompile Include="QuadTree_and_File\TileMap.cpp">
      <Filter>Source Files</Filter>
    </ClCompile>
  </ItemGroup>
  <ItemGroup>
    <ClInclude Include="ThamSo.h">
      <Filter>Header Files</Filter>
    </ClInclude>
    <ClInclude Include="Whip.h">
      <Filter>Header Files</Filter>
    </ClInclude>
    <ClInclude Include="World.h">
      <Filter>Header Files</Filter>
    </ClInclude>
    <ClInclude Include="engine\Sprite.h">
      <Filter>Header Files</Filter>
    </ClInclude>
    <ClInclude Include="engine\sound\dsutil.h">
      <Filter>Header Files</Filter>
    </ClInclude>
    <ClInclude Include="engine\sound\dxutil.h">
      <Filter>Header Files</Filter>
    </ClInclude>
    <ClInclude Include="abstract\Enemy.h">
      <Filter>Header Files</Filter>
    </ClInclude>
    <ClInclude Include="abstract\GameObject.h">
      <Filter>Header Files</Filter>
    </ClInclude>
    <ClInclude Include="enemies\BlueBat.h">
      <Filter>Header Files</Filter>
    </ClInclude>
    <ClInclude Include="enemies\Fish.h">
      <Filter>Header Files</Filter>
    </ClInclude>
    <ClInclude Include="enemies\Ghoul.h">
      <Filter>Header Files</Filter>
    </ClInclude>
    <ClInclude Include="enemies\Panther.h">
      <Filter>Header Files</Filter>
    </ClInclude>
    <ClInclude Include="enemies\RedBat.h">
      <Filter>Header Files</Filter>
    </ClInclude>
    <ClInclude Include="engine\Game.h">
      <Filter>Header Files</Filter>
    </ClInclude>
    <ClInclude Include="engine\MainGame.h">
      <Filter>Header Files</Filter>
    </ClInclude>
    <ClInclude Include="abstract\Player.h">
      <Filter>Header Files</Filter>
    </ClInclude>
    <ClInclude Include="abstract\Ground.h">
      <Filter>Header Files</Filter>
    </ClInclude>
    <ClInclude Include="abstract\Misc.h">
      <Filter>Header Files</Filter>
    </ClInclude>
    <ClInclude Include="abstract\Projectile.h">
      <Filter>Header Files</Filter>
    </ClInclude>
    <ClInclude Include="zone\GateWay.h">
      <Filter>Header Files</Filter>
    </ClInclude>
    <ClInclude Include="abstract\Zone.h">
      <Filter>Header Files</Filter>
    </ClInclude>
    <ClInclude Include="QuadTree_and_File\TileMap.h">
      <Filter>Header Files</Filter>
    </ClInclude>
  </ItemGroup>
  <ItemGroup>
    <Text Include="Resources\map1.txt" />
    <Text Include="Resources\map2.txt" />
  </ItemGroup>
  <ItemGroup>
    <Image Include="Resources\map1_tiled.PNG">
      <Filter>Resource Files</Filter>
    </Image>
    <Image Include="Resources\map2_tiled.PNG">
      <Filter>Resource Files</Filter>
    </Image>
    <Image Include="Resources\Sprites\FF00FF.bmp">
      <Filter>Resource Files</Filter>
    </Image>
  </ItemGroup>
</Project>